
Microsoft Visual Studio Solution File, Format Version 12.00
# Visual Studio Version 17
VisualStudioVersion = 17.0.31903.59
MinimumVisualStudioVersion = 10.0.40219.1
Project("{FAE04EC0-301F-11D3-BF4B-00C04F79EFBC}") = "Shared.Configuration", "Shared\Shared.Configuration\Shared.Configuration.csproj", "{23599D12-4B26-4411-8317-BA26063D1145}"
EndProject
Project("{FAE04EC0-301F-11D3-BF4B-00C04F79EFBC}") = "Shared.Entities", "Shared\Shared.Entities\Shared.Entities.csproj", "{6E9894BA-CD45-43F3-BD96-7EB078A7EA1C}"
EndProject
Project("{FAE04EC0-301F-11D3-BF4B-00C04F79EFBC}") = "Shared.Exceptions", "Shared\Shared.Exceptions\Shared.Exceptions.csproj", "{6C6154CE-B7E7-4D47-9859-5A11457C599B}"
EndProject
Project("{FAE04EC0-301F-11D3-BF4B-00C04F79EFBC}") = "Shared.HealthChecks", "Shared\Shared.HealthChecks\Shared.HealthChecks.csproj", "{616088A4-BC37-41C3-8CAB-DACCB3CBB01C}"
EndProject
Project("{FAE04EC0-301F-11D3-BF4B-00C04F79EFBC}") = "Shared.MassTransit", "Shared\Shared.MassTransit\Shared.MassTransit.csproj", "{9D8A83A3-82E1-4B77-AB29-B57B7FCB9F30}"
EndProject
Project("{FAE04EC0-301F-11D3-BF4B-00C04F79EFBC}") = "Shared.MongoDB", "Shared\Shared.MongoDB\Shared.MongoDB.csproj", "{B7C378F6-BDC6-446E-88E2-4EF0A167CADD}"
EndProject
Project("{FAE04EC0-301F-11D3-BF4B-00C04F79EFBC}") = "Shared.Repositories", "Shared\Shared.Repositories\Shared.Repositories.csproj", "{060EECC6-09A2-48A2-97B8-EC594F25D7E1}"
EndProject
Project("{FAE04EC0-301F-11D3-BF4B-00C04F79EFBC}") = "Shared.Services", "Shared\Shared.Services\Shared.Services.csproj", "{A1B2C3D4-E5F6-7890-ABCD-EF1234567890}"
EndProject
Project("{FAE04EC0-301F-11D3-BF4B-00C04F79EFBC}") = "Manager.Delivery", "Managers\Manager.Delivery\Manager.Delivery.csproj", "{124E590A-792C-41CA-B679-0803A46ADC04}"
EndProject
Project("{FAE04EC0-301F-11D3-BF4B-00C04F79EFBC}") = "Manager.Schema", "Managers\Manager.Schema\Manager.Schema.csproj", "{86D2DE08-A816-47E8-A052-D5BA3B98203C}"
EndProject
Project("{FAE04EC0-301F-11D3-BF4B-00C04F79EFBC}") = "Manager.Address", "Managers\Manager.Address\Manager.Address.csproj", "{5D281A9C-205C-428E-8BE3-7C1D18C7F784}"
EndProject
Project("{FAE04EC0-301F-11D3-BF4B-00C04F79EFBC}") = "Manager.Processor", "Managers\Manager.Processor\Manager.Processor.csproj", "{09C2B4AE-F0F2-44B7-B42C-0144319BCC16}"
EndProject
Project("{FAE04EC0-301F-11D3-BF4B-00C04F79EFBC}") = "Manager.Assignment", "Managers\Manager.Assignment\Manager.Assignment.csproj", "{52A0DBDF-1DFD-4737-A627-3D52807C50DD}"
EndProject
Project("{FAE04EC0-301F-11D3-BF4B-00C04F79EFBC}") = "Manager.Step", "Managers\Manager.Step\Manager.Step.csproj", "{38D6F211-BD74-4399-B71C-739D966B6A7F}"
EndProject
Project("{FAE04EC0-301F-11D3-BF4B-00C04F79EFBC}") = "Manager.Workflow", "Managers\Manager.Workflow\Manager.Workflow.csproj", "{67B9411D-4E68-4ECD-9C78-C6B8B3B992A8}"
EndProject
Project("{FAE04EC0-301F-11D3-BF4B-00C04F79EFBC}") = "Manager.OrchestratedFlow", "Managers\Manager.OrchestratedFlow\Manager.OrchestratedFlow.csproj", "{29E00D6E-F547-4E4C-9DA3-C67BB8AD0C6C}"
EndProject
Project("{FAE04EC0-301F-11D3-BF4B-00C04F79EFBC}") = "Manager.Orchestrator", "Managers\Manager.Orchestrator\Manager.Orchestrator.csproj", "{8F2A1B3C-4D5E-6F78-9A0B-1C2D3E4F5A6B}"
EndProject
Project("{FAE04EC0-301F-11D3-BF4B-00C04F79EFBC}") = "Shared.Models", "Shared\Shared.Models\Shared.Models.csproj", "{F39A6F58-AF90-4FF5-BC7B-A10222C615C5}"
EndProject
Project("{FAE04EC0-301F-11D3-BF4B-00C04F79EFBC}") = "Shared.Extensions", "Shared\Shared.Extensions\Shared.Extensions.csproj", "{DF41B992-E14A-4CDF-AF09-EA9678087F6C}"
EndProject
Project("{FAE04EC0-301F-11D3-BF4B-00C04F79EFBC}") = "Processor.Base", "Processors\Processor.Base\Processor.Base.csproj", "{AB87B138-D47F-4041-A44A-DACBC05068F6}"
EndProject
Project("{FAE04EC0-301F-11D3-BF4B-00C04F79EFBC}") = "Shared.Correlation", "Shared\Shared.Correlation\Shared.Correlation.csproj", "{38EEA1A6-A9B9-4482-97B6-CC911065854C}"
EndProject
Project("{FAE04EC0-301F-11D3-BF4B-00C04F79EFBC}") = "Processor.PluginLoader", "Processors\Processor.PluginLoader\Processor.PluginLoader.csproj", "{8DD0EC02-37DB-443F-AD77-B57181EE9E96}"
EndProject
Project("{FAE04EC0-301F-11D3-BF4B-00C04F79EFBC}") = "Plugin.FileReader", "Plugins\Plugin.FileReader\Plugin.FileReader.csproj", "{F1A2B3C4-D5E6-7890-ABCD-EF1234567891}"
EndProject
Project("{FAE04EC0-301F-11D3-BF4B-00C04F79EFBC}") = "Plugin.FileWriter", "Plugins\Plugin.FileWriter\Plugin.FileWriter.csproj", "{819B1F00-5047-4ED8-AC2B-4B16AA0F994C}"
EndProject
Project("{FAE04EC0-301F-11D3-BF4B-00C04F79EFBC}") = "Plugin.Shared", "Plugins\Plugin.Shared\Plugin.Shared.csproj", "{C5772B65-D4D5-28EE-EABD-979581B316CD}"
EndProject
Project("{2150E333-8FDC-42A3-9474-1A3956D46DE8}") = "Shared", "Shared", "{02EA681E-C7D8-13C7-8484-4AC65E1B71E8}"
EndProject
Project("{2150E333-8FDC-42A3-9474-1A3956D46DE8}") = "Managers", "Managers", "{8BCF692A-8228-4A42-AFF1-D7AC894065B3}"
EndProject
Project("{2150E333-8FDC-42A3-9474-1A3956D46DE8}") = "Processors", "Processors", "{0DB15ACC-E85B-4A7F-BE0C-567D3CEBD579}"
EndProject
Project("{2150E333-8FDC-42A3-9474-1A3956D46DE8}") = "Plugins", "Plugins", "{495634A5-60FC-4445-99A8-F90FA12DA2F3}"
EndProject
Project("{FAE04EC0-301F-11D3-BF4B-00C04F79EFBC}") = "Manager.Plugin", "Managers\Manager.Plugin\Manager.Plugin.csproj", "{A49463D9-379C-40DA-882E-09EE523BA9D7}"
EndProject
Project("{FAE04EC0-301F-11D3-BF4B-00C04F79EFBC}") = "Plugin.Standardizer", "Plugins\Plugin.Standardizer\Plugin.Standardizer.csproj", "{5BD221B1-FB56-7568-84A5-218483EBD3A1}"
EndProject
Project("{FAE04EC0-301F-11D3-BF4B-00C04F79EFBC}") = "Plugin.Enricher", "Plugins\Plugin.Enricher\Plugin.Enricher.csproj", "{1152BB81-2F05-9EDE-3C5E-6C171A432E33}"
EndProject
Project("{FAE04EC0-301F-11D3-BF4B-00C04F79EFBC}") = "Plugin.AudioConverter", "Plugins\Plugin.AudioConverter\Plugin.AudioConverter.csproj", "{9002748B-EBD7-A6F3-EFF8-37A656E9D37B}"
EndProject
Project("{FAE04EC0-301F-11D3-BF4B-00C04F79EFBC}") = "Plugin.PreFileReader", "Plugins\Plugin.PreFileReader\Plugin.PreFileReader.csproj", "{15BCD2F0-8B1F-4179-AEF4-8C9DDEC4F2EE}"
EndProject
Global
	GlobalSection(SolutionConfigurationPlatforms) = preSolution
		Debug|Any CPU = Debug|Any CPU
		Debug|x64 = Debug|x64
		Debug|x86 = Debug|x86
		Release|Any CPU = Release|Any CPU
		Release|x64 = Release|x64
		Release|x86 = Release|x86
	EndGlobalSection
	GlobalSection(ProjectConfigurationPlatforms) = postSolution
		{23599D12-4B26-4411-8317-BA26063D1145}.Debug|Any CPU.ActiveCfg = Debug|Any CPU
		{23599D12-4B26-4411-8317-BA26063D1145}.Debug|Any CPU.Build.0 = Debug|Any CPU
		{23599D12-4B26-4411-8317-BA26063D1145}.Debug|x64.ActiveCfg = Debug|Any CPU
		{23599D12-4B26-4411-8317-BA26063D1145}.Debug|x64.Build.0 = Debug|Any CPU
		{23599D12-4B26-4411-8317-BA26063D1145}.Debug|x86.ActiveCfg = Debug|Any CPU
		{23599D12-4B26-4411-8317-BA26063D1145}.Debug|x86.Build.0 = Debug|Any CPU
		{23599D12-4B26-4411-8317-BA26063D1145}.Release|Any CPU.ActiveCfg = Release|Any CPU
		{23599D12-4B26-4411-8317-BA26063D1145}.Release|Any CPU.Build.0 = Release|Any CPU
		{23599D12-4B26-4411-8317-BA26063D1145}.Release|x64.ActiveCfg = Release|Any CPU
		{23599D12-4B26-4411-8317-BA26063D1145}.Release|x64.Build.0 = Release|Any CPU
		{23599D12-4B26-4411-8317-BA26063D1145}.Release|x86.ActiveCfg = Release|Any CPU
		{23599D12-4B26-4411-8317-BA26063D1145}.Release|x86.Build.0 = Release|Any CPU
		{6E9894BA-CD45-43F3-BD96-7EB078A7EA1C}.Debug|Any CPU.ActiveCfg = Debug|Any CPU
		{6E9894BA-CD45-43F3-BD96-7EB078A7EA1C}.Debug|Any CPU.Build.0 = Debug|Any CPU
		{6E9894BA-CD45-43F3-BD96-7EB078A7EA1C}.Debug|x64.ActiveCfg = Debug|Any CPU
		{6E9894BA-CD45-43F3-BD96-7EB078A7EA1C}.Debug|x64.Build.0 = Debug|Any CPU
		{6E9894BA-CD45-43F3-BD96-7EB078A7EA1C}.Debug|x86.ActiveCfg = Debug|Any CPU
		{6E9894BA-CD45-43F3-BD96-7EB078A7EA1C}.Debug|x86.Build.0 = Debug|Any CPU
		{6E9894BA-CD45-43F3-BD96-7EB078A7EA1C}.Release|Any CPU.ActiveCfg = Release|Any CPU
		{6E9894BA-CD45-43F3-BD96-7EB078A7EA1C}.Release|Any CPU.Build.0 = Release|Any CPU
		{6E9894BA-CD45-43F3-BD96-7EB078A7EA1C}.Release|x64.ActiveCfg = Release|Any CPU
		{6E9894BA-CD45-43F3-BD96-7EB078A7EA1C}.Release|x64.Build.0 = Release|Any CPU
		{6E9894BA-CD45-43F3-BD96-7EB078A7EA1C}.Release|x86.ActiveCfg = Release|Any CPU
		{6E9894BA-CD45-43F3-BD96-7EB078A7EA1C}.Release|x86.Build.0 = Release|Any CPU
		{6C6154CE-B7E7-4D47-9859-5A11457C599B}.Debug|Any CPU.ActiveCfg = Debug|Any CPU
		{6C6154CE-B7E7-4D47-9859-5A11457C599B}.Debug|Any CPU.Build.0 = Debug|Any CPU
		{6C6154CE-B7E7-4D47-9859-5A11457C599B}.Debug|x64.ActiveCfg = Debug|Any CPU
		{6C6154CE-B7E7-4D47-9859-5A11457C599B}.Debug|x64.Build.0 = Debug|Any CPU
		{6C6154CE-B7E7-4D47-9859-5A11457C599B}.Debug|x86.ActiveCfg = Debug|Any CPU
		{6C6154CE-B7E7-4D47-9859-5A11457C599B}.Debug|x86.Build.0 = Debug|Any CPU
		{6C6154CE-B7E7-4D47-9859-5A11457C599B}.Release|Any CPU.ActiveCfg = Release|Any CPU
		{6C6154CE-B7E7-4D47-9859-5A11457C599B}.Release|Any CPU.Build.0 = Release|Any CPU
		{6C6154CE-B7E7-4D47-9859-5A11457C599B}.Release|x64.ActiveCfg = Release|Any CPU
		{6C6154CE-B7E7-4D47-9859-5A11457C599B}.Release|x64.Build.0 = Release|Any CPU
		{6C6154CE-B7E7-4D47-9859-5A11457C599B}.Release|x86.ActiveCfg = Release|Any CPU
		{6C6154CE-B7E7-4D47-9859-5A11457C599B}.Release|x86.Build.0 = Release|Any CPU
		{616088A4-BC37-41C3-8CAB-DACCB3CBB01C}.Debug|Any CPU.ActiveCfg = Debug|Any CPU
		{616088A4-BC37-41C3-8CAB-DACCB3CBB01C}.Debug|Any CPU.Build.0 = Debug|Any CPU
		{616088A4-BC37-41C3-8CAB-DACCB3CBB01C}.Debug|x64.ActiveCfg = Debug|Any CPU
		{616088A4-BC37-41C3-8CAB-DACCB3CBB01C}.Debug|x64.Build.0 = Debug|Any CPU
		{616088A4-BC37-41C3-8CAB-DACCB3CBB01C}.Debug|x86.ActiveCfg = Debug|Any CPU
		{616088A4-BC37-41C3-8CAB-DACCB3CBB01C}.Debug|x86.Build.0 = Debug|Any CPU
		{616088A4-BC37-41C3-8CAB-DACCB3CBB01C}.Release|Any CPU.ActiveCfg = Release|Any CPU
		{616088A4-BC37-41C3-8CAB-DACCB3CBB01C}.Release|Any CPU.Build.0 = Release|Any CPU
		{616088A4-BC37-41C3-8CAB-DACCB3CBB01C}.Release|x64.ActiveCfg = Release|Any CPU
		{616088A4-BC37-41C3-8CAB-DACCB3CBB01C}.Release|x64.Build.0 = Release|Any CPU
		{616088A4-BC37-41C3-8CAB-DACCB3CBB01C}.Release|x86.ActiveCfg = Release|Any CPU
		{616088A4-BC37-41C3-8CAB-DACCB3CBB01C}.Release|x86.Build.0 = Release|Any CPU
		{9D8A83A3-82E1-4B77-AB29-B57B7FCB9F30}.Debug|Any CPU.ActiveCfg = Debug|Any CPU
		{9D8A83A3-82E1-4B77-AB29-B57B7FCB9F30}.Debug|Any CPU.Build.0 = Debug|Any CPU
		{9D8A83A3-82E1-4B77-AB29-B57B7FCB9F30}.Debug|x64.ActiveCfg = Debug|Any CPU
		{9D8A83A3-82E1-4B77-AB29-B57B7FCB9F30}.Debug|x64.Build.0 = Debug|Any CPU
		{9D8A83A3-82E1-4B77-AB29-B57B7FCB9F30}.Debug|x86.ActiveCfg = Debug|Any CPU
		{9D8A83A3-82E1-4B77-AB29-B57B7FCB9F30}.Debug|x86.Build.0 = Debug|Any CPU
		{9D8A83A3-82E1-4B77-AB29-B57B7FCB9F30}.Release|Any CPU.ActiveCfg = Release|Any CPU
		{9D8A83A3-82E1-4B77-AB29-B57B7FCB9F30}.Release|Any CPU.Build.0 = Release|Any CPU
		{9D8A83A3-82E1-4B77-AB29-B57B7FCB9F30}.Release|x64.ActiveCfg = Release|Any CPU
		{9D8A83A3-82E1-4B77-AB29-B57B7FCB9F30}.Release|x64.Build.0 = Release|Any CPU
		{9D8A83A3-82E1-4B77-AB29-B57B7FCB9F30}.Release|x86.ActiveCfg = Release|Any CPU
		{9D8A83A3-82E1-4B77-AB29-B57B7FCB9F30}.Release|x86.Build.0 = Release|Any CPU
		{B7C378F6-BDC6-446E-88E2-4EF0A167CADD}.Debug|Any CPU.ActiveCfg = Debug|Any CPU
		{B7C378F6-BDC6-446E-88E2-4EF0A167CADD}.Debug|Any CPU.Build.0 = Debug|Any CPU
		{B7C378F6-BDC6-446E-88E2-4EF0A167CADD}.Debug|x64.ActiveCfg = Debug|Any CPU
		{B7C378F6-BDC6-446E-88E2-4EF0A167CADD}.Debug|x64.Build.0 = Debug|Any CPU
		{B7C378F6-BDC6-446E-88E2-4EF0A167CADD}.Debug|x86.ActiveCfg = Debug|Any CPU
		{B7C378F6-BDC6-446E-88E2-4EF0A167CADD}.Debug|x86.Build.0 = Debug|Any CPU
		{B7C378F6-BDC6-446E-88E2-4EF0A167CADD}.Release|Any CPU.ActiveCfg = Release|Any CPU
		{B7C378F6-BDC6-446E-88E2-4EF0A167CADD}.Release|Any CPU.Build.0 = Release|Any CPU
		{B7C378F6-BDC6-446E-88E2-4EF0A167CADD}.Release|x64.ActiveCfg = Release|Any CPU
		{B7C378F6-BDC6-446E-88E2-4EF0A167CADD}.Release|x64.Build.0 = Release|Any CPU
		{B7C378F6-BDC6-446E-88E2-4EF0A167CADD}.Release|x86.ActiveCfg = Release|Any CPU
		{B7C378F6-BDC6-446E-88E2-4EF0A167CADD}.Release|x86.Build.0 = Release|Any CPU
		{060EECC6-09A2-48A2-97B8-EC594F25D7E1}.Debug|Any CPU.ActiveCfg = Debug|Any CPU
		{060EECC6-09A2-48A2-97B8-EC594F25D7E1}.Debug|Any CPU.Build.0 = Debug|Any CPU
		{060EECC6-09A2-48A2-97B8-EC594F25D7E1}.Debug|x64.ActiveCfg = Debug|Any CPU
		{060EECC6-09A2-48A2-97B8-EC594F25D7E1}.Debug|x64.Build.0 = Debug|Any CPU
		{060EECC6-09A2-48A2-97B8-EC594F25D7E1}.Debug|x86.ActiveCfg = Debug|Any CPU
		{060EECC6-09A2-48A2-97B8-EC594F25D7E1}.Debug|x86.Build.0 = Debug|Any CPU
		{060EECC6-09A2-48A2-97B8-EC594F25D7E1}.Release|Any CPU.ActiveCfg = Release|Any CPU
		{060EECC6-09A2-48A2-97B8-EC594F25D7E1}.Release|Any CPU.Build.0 = Release|Any CPU
		{060EECC6-09A2-48A2-97B8-EC594F25D7E1}.Release|x64.ActiveCfg = Release|Any CPU
		{060EECC6-09A2-48A2-97B8-EC594F25D7E1}.Release|x64.Build.0 = Release|Any CPU
		{060EECC6-09A2-48A2-97B8-EC594F25D7E1}.Release|x86.ActiveCfg = Release|Any CPU
		{060EECC6-09A2-48A2-97B8-EC594F25D7E1}.Release|x86.Build.0 = Release|Any CPU
		{A1B2C3D4-E5F6-7890-ABCD-EF1234567890}.Debug|Any CPU.ActiveCfg = Debug|Any CPU
		{A1B2C3D4-E5F6-7890-ABCD-EF1234567890}.Debug|Any CPU.Build.0 = Debug|Any CPU
		{A1B2C3D4-E5F6-7890-ABCD-EF1234567890}.Debug|x64.ActiveCfg = Debug|Any CPU
		{A1B2C3D4-E5F6-7890-ABCD-EF1234567890}.Debug|x64.Build.0 = Debug|Any CPU
		{A1B2C3D4-E5F6-7890-ABCD-EF1234567890}.Debug|x86.ActiveCfg = Debug|Any CPU
		{A1B2C3D4-E5F6-7890-ABCD-EF1234567890}.Debug|x86.Build.0 = Debug|Any CPU
		{A1B2C3D4-E5F6-7890-ABCD-EF1234567890}.Release|Any CPU.ActiveCfg = Release|Any CPU
		{A1B2C3D4-E5F6-7890-ABCD-EF1234567890}.Release|Any CPU.Build.0 = Release|Any CPU
		{A1B2C3D4-E5F6-7890-ABCD-EF1234567890}.Release|x64.ActiveCfg = Release|Any CPU
		{A1B2C3D4-E5F6-7890-ABCD-EF1234567890}.Release|x64.Build.0 = Release|Any CPU
		{A1B2C3D4-E5F6-7890-ABCD-EF1234567890}.Release|x86.ActiveCfg = Release|Any CPU
		{A1B2C3D4-E5F6-7890-ABCD-EF1234567890}.Release|x86.Build.0 = Release|Any CPU
		{124E590A-792C-41CA-B679-0803A46ADC04}.Debug|Any CPU.ActiveCfg = Debug|Any CPU
		{124E590A-792C-41CA-B679-0803A46ADC04}.Debug|Any CPU.Build.0 = Debug|Any CPU
		{124E590A-792C-41CA-B679-0803A46ADC04}.Debug|x64.ActiveCfg = Debug|Any CPU
		{124E590A-792C-41CA-B679-0803A46ADC04}.Debug|x64.Build.0 = Debug|Any CPU
		{124E590A-792C-41CA-B679-0803A46ADC04}.Debug|x86.ActiveCfg = Debug|Any CPU
		{124E590A-792C-41CA-B679-0803A46ADC04}.Debug|x86.Build.0 = Debug|Any CPU
		{124E590A-792C-41CA-B679-0803A46ADC04}.Release|Any CPU.ActiveCfg = Release|Any CPU
		{124E590A-792C-41CA-B679-0803A46ADC04}.Release|Any CPU.Build.0 = Release|Any CPU
		{124E590A-792C-41CA-B679-0803A46ADC04}.Release|x64.ActiveCfg = Release|Any CPU
		{124E590A-792C-41CA-B679-0803A46ADC04}.Release|x64.Build.0 = Release|Any CPU
		{124E590A-792C-41CA-B679-0803A46ADC04}.Release|x86.ActiveCfg = Release|Any CPU
		{124E590A-792C-41CA-B679-0803A46ADC04}.Release|x86.Build.0 = Release|Any CPU
		{86D2DE08-A816-47E8-A052-D5BA3B98203C}.Debug|Any CPU.ActiveCfg = Debug|Any CPU
		{86D2DE08-A816-47E8-A052-D5BA3B98203C}.Debug|Any CPU.Build.0 = Debug|Any CPU
		{86D2DE08-A816-47E8-A052-D5BA3B98203C}.Debug|x64.ActiveCfg = Debug|Any CPU
		{86D2DE08-A816-47E8-A052-D5BA3B98203C}.Debug|x64.Build.0 = Debug|Any CPU
		{86D2DE08-A816-47E8-A052-D5BA3B98203C}.Debug|x86.ActiveCfg = Debug|Any CPU
		{86D2DE08-A816-47E8-A052-D5BA3B98203C}.Debug|x86.Build.0 = Debug|Any CPU
		{86D2DE08-A816-47E8-A052-D5BA3B98203C}.Release|Any CPU.ActiveCfg = Release|Any CPU
		{86D2DE08-A816-47E8-A052-D5BA3B98203C}.Release|Any CPU.Build.0 = Release|Any CPU
		{86D2DE08-A816-47E8-A052-D5BA3B98203C}.Release|x64.ActiveCfg = Release|Any CPU
		{86D2DE08-A816-47E8-A052-D5BA3B98203C}.Release|x64.Build.0 = Release|Any CPU
		{86D2DE08-A816-47E8-A052-D5BA3B98203C}.Release|x86.ActiveCfg = Release|Any CPU
		{86D2DE08-A816-47E8-A052-D5BA3B98203C}.Release|x86.Build.0 = Release|Any CPU
		{5D281A9C-205C-428E-8BE3-7C1D18C7F784}.Debug|Any CPU.ActiveCfg = Debug|Any CPU
		{5D281A9C-205C-428E-8BE3-7C1D18C7F784}.Debug|Any CPU.Build.0 = Debug|Any CPU
		{5D281A9C-205C-428E-8BE3-7C1D18C7F784}.Debug|x64.ActiveCfg = Debug|Any CPU
		{5D281A9C-205C-428E-8BE3-7C1D18C7F784}.Debug|x64.Build.0 = Debug|Any CPU
		{5D281A9C-205C-428E-8BE3-7C1D18C7F784}.Debug|x86.ActiveCfg = Debug|Any CPU
		{5D281A9C-205C-428E-8BE3-7C1D18C7F784}.Debug|x86.Build.0 = Debug|Any CPU
		{5D281A9C-205C-428E-8BE3-7C1D18C7F784}.Release|Any CPU.ActiveCfg = Release|Any CPU
		{5D281A9C-205C-428E-8BE3-7C1D18C7F784}.Release|Any CPU.Build.0 = Release|Any CPU
		{5D281A9C-205C-428E-8BE3-7C1D18C7F784}.Release|x64.ActiveCfg = Release|Any CPU
		{5D281A9C-205C-428E-8BE3-7C1D18C7F784}.Release|x64.Build.0 = Release|Any CPU
		{5D281A9C-205C-428E-8BE3-7C1D18C7F784}.Release|x86.ActiveCfg = Release|Any CPU
		{5D281A9C-205C-428E-8BE3-7C1D18C7F784}.Release|x86.Build.0 = Release|Any CPU
		{09C2B4AE-F0F2-44B7-B42C-0144319BCC16}.Debug|Any CPU.ActiveCfg = Debug|Any CPU
		{09C2B4AE-F0F2-44B7-B42C-0144319BCC16}.Debug|Any CPU.Build.0 = Debug|Any CPU
		{09C2B4AE-F0F2-44B7-B42C-0144319BCC16}.Debug|x64.ActiveCfg = Debug|Any CPU
		{09C2B4AE-F0F2-44B7-B42C-0144319BCC16}.Debug|x64.Build.0 = Debug|Any CPU
		{09C2B4AE-F0F2-44B7-B42C-0144319BCC16}.Debug|x86.ActiveCfg = Debug|Any CPU
		{09C2B4AE-F0F2-44B7-B42C-0144319BCC16}.Debug|x86.Build.0 = Debug|Any CPU
		{09C2B4AE-F0F2-44B7-B42C-0144319BCC16}.Release|Any CPU.ActiveCfg = Release|Any CPU
		{09C2B4AE-F0F2-44B7-B42C-0144319BCC16}.Release|Any CPU.Build.0 = Release|Any CPU
		{09C2B4AE-F0F2-44B7-B42C-0144319BCC16}.Release|x64.ActiveCfg = Release|Any CPU
		{09C2B4AE-F0F2-44B7-B42C-0144319BCC16}.Release|x64.Build.0 = Release|Any CPU
		{09C2B4AE-F0F2-44B7-B42C-0144319BCC16}.Release|x86.ActiveCfg = Release|Any CPU
		{09C2B4AE-F0F2-44B7-B42C-0144319BCC16}.Release|x86.Build.0 = Release|Any CPU
		{52A0DBDF-1DFD-4737-A627-3D52807C50DD}.Debug|Any CPU.ActiveCfg = Debug|Any CPU
		{52A0DBDF-1DFD-4737-A627-3D52807C50DD}.Debug|Any CPU.Build.0 = Debug|Any CPU
		{52A0DBDF-1DFD-4737-A627-3D52807C50DD}.Debug|x64.ActiveCfg = Debug|Any CPU
		{52A0DBDF-1DFD-4737-A627-3D52807C50DD}.Debug|x64.Build.0 = Debug|Any CPU
		{52A0DBDF-1DFD-4737-A627-3D52807C50DD}.Debug|x86.ActiveCfg = Debug|Any CPU
		{52A0DBDF-1DFD-4737-A627-3D52807C50DD}.Debug|x86.Build.0 = Debug|Any CPU
		{52A0DBDF-1DFD-4737-A627-3D52807C50DD}.Release|Any CPU.ActiveCfg = Release|Any CPU
		{52A0DBDF-1DFD-4737-A627-3D52807C50DD}.Release|Any CPU.Build.0 = Release|Any CPU
		{52A0DBDF-1DFD-4737-A627-3D52807C50DD}.Release|x64.ActiveCfg = Release|Any CPU
		{52A0DBDF-1DFD-4737-A627-3D52807C50DD}.Release|x64.Build.0 = Release|Any CPU
		{52A0DBDF-1DFD-4737-A627-3D52807C50DD}.Release|x86.ActiveCfg = Release|Any CPU
		{52A0DBDF-1DFD-4737-A627-3D52807C50DD}.Release|x86.Build.0 = Release|Any CPU
		{38D6F211-BD74-4399-B71C-739D966B6A7F}.Debug|Any CPU.ActiveCfg = Debug|Any CPU
		{38D6F211-BD74-4399-B71C-739D966B6A7F}.Debug|Any CPU.Build.0 = Debug|Any CPU
		{38D6F211-BD74-4399-B71C-739D966B6A7F}.Debug|x64.ActiveCfg = Debug|Any CPU
		{38D6F211-BD74-4399-B71C-739D966B6A7F}.Debug|x64.Build.0 = Debug|Any CPU
		{38D6F211-BD74-4399-B71C-739D966B6A7F}.Debug|x86.ActiveCfg = Debug|Any CPU
		{38D6F211-BD74-4399-B71C-739D966B6A7F}.Debug|x86.Build.0 = Debug|Any CPU
		{38D6F211-BD74-4399-B71C-739D966B6A7F}.Release|Any CPU.ActiveCfg = Release|Any CPU
		{38D6F211-BD74-4399-B71C-739D966B6A7F}.Release|Any CPU.Build.0 = Release|Any CPU
		{38D6F211-BD74-4399-B71C-739D966B6A7F}.Release|x64.ActiveCfg = Release|Any CPU
		{38D6F211-BD74-4399-B71C-739D966B6A7F}.Release|x64.Build.0 = Release|Any CPU
		{38D6F211-BD74-4399-B71C-739D966B6A7F}.Release|x86.ActiveCfg = Release|Any CPU
		{38D6F211-BD74-4399-B71C-739D966B6A7F}.Release|x86.Build.0 = Release|Any CPU
		{67B9411D-4E68-4ECD-9C78-C6B8B3B992A8}.Debug|Any CPU.ActiveCfg = Debug|Any CPU
		{67B9411D-4E68-4ECD-9C78-C6B8B3B992A8}.Debug|Any CPU.Build.0 = Debug|Any CPU
		{67B9411D-4E68-4ECD-9C78-C6B8B3B992A8}.Debug|x64.ActiveCfg = Debug|Any CPU
		{67B9411D-4E68-4ECD-9C78-C6B8B3B992A8}.Debug|x64.Build.0 = Debug|Any CPU
		{67B9411D-4E68-4ECD-9C78-C6B8B3B992A8}.Debug|x86.ActiveCfg = Debug|Any CPU
		{67B9411D-4E68-4ECD-9C78-C6B8B3B992A8}.Debug|x86.Build.0 = Debug|Any CPU
		{67B9411D-4E68-4ECD-9C78-C6B8B3B992A8}.Release|Any CPU.ActiveCfg = Release|Any CPU
		{67B9411D-4E68-4ECD-9C78-C6B8B3B992A8}.Release|Any CPU.Build.0 = Release|Any CPU
		{67B9411D-4E68-4ECD-9C78-C6B8B3B992A8}.Release|x64.ActiveCfg = Release|Any CPU
		{67B9411D-4E68-4ECD-9C78-C6B8B3B992A8}.Release|x64.Build.0 = Release|Any CPU
		{67B9411D-4E68-4ECD-9C78-C6B8B3B992A8}.Release|x86.ActiveCfg = Release|Any CPU
		{67B9411D-4E68-4ECD-9C78-C6B8B3B992A8}.Release|x86.Build.0 = Release|Any CPU
		{29E00D6E-F547-4E4C-9DA3-C67BB8AD0C6C}.Debug|Any CPU.ActiveCfg = Debug|Any CPU
		{29E00D6E-F547-4E4C-9DA3-C67BB8AD0C6C}.Debug|Any CPU.Build.0 = Debug|Any CPU
		{29E00D6E-F547-4E4C-9DA3-C67BB8AD0C6C}.Debug|x64.ActiveCfg = Debug|Any CPU
		{29E00D6E-F547-4E4C-9DA3-C67BB8AD0C6C}.Debug|x64.Build.0 = Debug|Any CPU
		{29E00D6E-F547-4E4C-9DA3-C67BB8AD0C6C}.Debug|x86.ActiveCfg = Debug|Any CPU
		{29E00D6E-F547-4E4C-9DA3-C67BB8AD0C6C}.Debug|x86.Build.0 = Debug|Any CPU
		{29E00D6E-F547-4E4C-9DA3-C67BB8AD0C6C}.Release|Any CPU.ActiveCfg = Release|Any CPU
		{29E00D6E-F547-4E4C-9DA3-C67BB8AD0C6C}.Release|Any CPU.Build.0 = Release|Any CPU
		{29E00D6E-F547-4E4C-9DA3-C67BB8AD0C6C}.Release|x64.ActiveCfg = Release|Any CPU
		{29E00D6E-F547-4E4C-9DA3-C67BB8AD0C6C}.Release|x64.Build.0 = Release|Any CPU
		{29E00D6E-F547-4E4C-9DA3-C67BB8AD0C6C}.Release|x86.ActiveCfg = Release|Any CPU
		{29E00D6E-F547-4E4C-9DA3-C67BB8AD0C6C}.Release|x86.Build.0 = Release|Any CPU
		{8F2A1B3C-4D5E-6F78-9A0B-1C2D3E4F5A6B}.Debug|Any CPU.ActiveCfg = Debug|Any CPU
		{8F2A1B3C-4D5E-6F78-9A0B-1C2D3E4F5A6B}.Debug|Any CPU.Build.0 = Debug|Any CPU
		{8F2A1B3C-4D5E-6F78-9A0B-1C2D3E4F5A6B}.Debug|x64.ActiveCfg = Debug|Any CPU
		{8F2A1B3C-4D5E-6F78-9A0B-1C2D3E4F5A6B}.Debug|x64.Build.0 = Debug|Any CPU
		{8F2A1B3C-4D5E-6F78-9A0B-1C2D3E4F5A6B}.Debug|x86.ActiveCfg = Debug|Any CPU
		{8F2A1B3C-4D5E-6F78-9A0B-1C2D3E4F5A6B}.Debug|x86.Build.0 = Debug|Any CPU
		{8F2A1B3C-4D5E-6F78-9A0B-1C2D3E4F5A6B}.Release|Any CPU.ActiveCfg = Release|Any CPU
		{8F2A1B3C-4D5E-6F78-9A0B-1C2D3E4F5A6B}.Release|Any CPU.Build.0 = Release|Any CPU
		{8F2A1B3C-4D5E-6F78-9A0B-1C2D3E4F5A6B}.Release|x64.ActiveCfg = Release|Any CPU
		{8F2A1B3C-4D5E-6F78-9A0B-1C2D3E4F5A6B}.Release|x64.Build.0 = Release|Any CPU
		{8F2A1B3C-4D5E-6F78-9A0B-1C2D3E4F5A6B}.Release|x86.ActiveCfg = Release|Any CPU
		{8F2A1B3C-4D5E-6F78-9A0B-1C2D3E4F5A6B}.Release|x86.Build.0 = Release|Any CPU
		{F39A6F58-AF90-4FF5-BC7B-A10222C615C5}.Debug|Any CPU.ActiveCfg = Debug|Any CPU
		{F39A6F58-AF90-4FF5-BC7B-A10222C615C5}.Debug|Any CPU.Build.0 = Debug|Any CPU
		{F39A6F58-AF90-4FF5-BC7B-A10222C615C5}.Debug|x64.ActiveCfg = Debug|Any CPU
		{F39A6F58-AF90-4FF5-BC7B-A10222C615C5}.Debug|x64.Build.0 = Debug|Any CPU
		{F39A6F58-AF90-4FF5-BC7B-A10222C615C5}.Debug|x86.ActiveCfg = Debug|Any CPU
		{F39A6F58-AF90-4FF5-BC7B-A10222C615C5}.Debug|x86.Build.0 = Debug|Any CPU
		{F39A6F58-AF90-4FF5-BC7B-A10222C615C5}.Release|Any CPU.ActiveCfg = Release|Any CPU
		{F39A6F58-AF90-4FF5-BC7B-A10222C615C5}.Release|Any CPU.Build.0 = Release|Any CPU
		{F39A6F58-AF90-4FF5-BC7B-A10222C615C5}.Release|x64.ActiveCfg = Release|Any CPU
		{F39A6F58-AF90-4FF5-BC7B-A10222C615C5}.Release|x64.Build.0 = Release|Any CPU
		{F39A6F58-AF90-4FF5-BC7B-A10222C615C5}.Release|x86.ActiveCfg = Release|Any CPU
		{F39A6F58-AF90-4FF5-BC7B-A10222C615C5}.Release|x86.Build.0 = Release|Any CPU
		{DF41B992-E14A-4CDF-AF09-EA9678087F6C}.Debug|Any CPU.ActiveCfg = Debug|Any CPU
		{DF41B992-E14A-4CDF-AF09-EA9678087F6C}.Debug|Any CPU.Build.0 = Debug|Any CPU
		{DF41B992-E14A-4CDF-AF09-EA9678087F6C}.Debug|x64.ActiveCfg = Debug|Any CPU
		{DF41B992-E14A-4CDF-AF09-EA9678087F6C}.Debug|x64.Build.0 = Debug|Any CPU
		{DF41B992-E14A-4CDF-AF09-EA9678087F6C}.Debug|x86.ActiveCfg = Debug|Any CPU
		{DF41B992-E14A-4CDF-AF09-EA9678087F6C}.Debug|x86.Build.0 = Debug|Any CPU
		{DF41B992-E14A-4CDF-AF09-EA9678087F6C}.Release|Any CPU.ActiveCfg = Release|Any CPU
		{DF41B992-E14A-4CDF-AF09-EA9678087F6C}.Release|Any CPU.Build.0 = Release|Any CPU
		{DF41B992-E14A-4CDF-AF09-EA9678087F6C}.Release|x64.ActiveCfg = Release|Any CPU
		{DF41B992-E14A-4CDF-AF09-EA9678087F6C}.Release|x64.Build.0 = Release|Any CPU
		{DF41B992-E14A-4CDF-AF09-EA9678087F6C}.Release|x86.ActiveCfg = Release|Any CPU
		{DF41B992-E14A-4CDF-AF09-EA9678087F6C}.Release|x86.Build.0 = Release|Any CPU
		{AB87B138-D47F-4041-A44A-DACBC05068F6}.Debug|Any CPU.ActiveCfg = Debug|Any CPU
		{AB87B138-D47F-4041-A44A-DACBC05068F6}.Debug|Any CPU.Build.0 = Debug|Any CPU
		{AB87B138-D47F-4041-A44A-DACBC05068F6}.Debug|x64.ActiveCfg = Debug|Any CPU
		{AB87B138-D47F-4041-A44A-DACBC05068F6}.Debug|x64.Build.0 = Debug|Any CPU
		{AB87B138-D47F-4041-A44A-DACBC05068F6}.Debug|x86.ActiveCfg = Debug|Any CPU
		{AB87B138-D47F-4041-A44A-DACBC05068F6}.Debug|x86.Build.0 = Debug|Any CPU
		{AB87B138-D47F-4041-A44A-DACBC05068F6}.Release|Any CPU.ActiveCfg = Release|Any CPU
		{AB87B138-D47F-4041-A44A-DACBC05068F6}.Release|Any CPU.Build.0 = Release|Any CPU
		{AB87B138-D47F-4041-A44A-DACBC05068F6}.Release|x64.ActiveCfg = Release|Any CPU
		{AB87B138-D47F-4041-A44A-DACBC05068F6}.Release|x64.Build.0 = Release|Any CPU
		{AB87B138-D47F-4041-A44A-DACBC05068F6}.Release|x86.ActiveCfg = Release|Any CPU
		{AB87B138-D47F-4041-A44A-DACBC05068F6}.Release|x86.Build.0 = Release|Any CPU
		{38EEA1A6-A9B9-4482-97B6-CC911065854C}.Debug|Any CPU.ActiveCfg = Debug|Any CPU
		{38EEA1A6-A9B9-4482-97B6-CC911065854C}.Debug|Any CPU.Build.0 = Debug|Any CPU
		{38EEA1A6-A9B9-4482-97B6-CC911065854C}.Debug|x64.ActiveCfg = Debug|Any CPU
		{38EEA1A6-A9B9-4482-97B6-CC911065854C}.Debug|x64.Build.0 = Debug|Any CPU
		{38EEA1A6-A9B9-4482-97B6-CC911065854C}.Debug|x86.ActiveCfg = Debug|Any CPU
		{38EEA1A6-A9B9-4482-97B6-CC911065854C}.Debug|x86.Build.0 = Debug|Any CPU
		{38EEA1A6-A9B9-4482-97B6-CC911065854C}.Release|Any CPU.ActiveCfg = Release|Any CPU
		{38EEA1A6-A9B9-4482-97B6-CC911065854C}.Release|Any CPU.Build.0 = Release|Any CPU
		{38EEA1A6-A9B9-4482-97B6-CC911065854C}.Release|x64.ActiveCfg = Release|Any CPU
		{38EEA1A6-A9B9-4482-97B6-CC911065854C}.Release|x64.Build.0 = Release|Any CPU
		{38EEA1A6-A9B9-4482-97B6-CC911065854C}.Release|x86.ActiveCfg = Release|Any CPU
		{38EEA1A6-A9B9-4482-97B6-CC911065854C}.Release|x86.Build.0 = Release|Any CPU
		{8DD0EC02-37DB-443F-AD77-B57181EE9E96}.Debug|Any CPU.ActiveCfg = Debug|Any CPU
		{8DD0EC02-37DB-443F-AD77-B57181EE9E96}.Debug|Any CPU.Build.0 = Debug|Any CPU
		{8DD0EC02-37DB-443F-AD77-B57181EE9E96}.Debug|x64.ActiveCfg = Debug|Any CPU
		{8DD0EC02-37DB-443F-AD77-B57181EE9E96}.Debug|x64.Build.0 = Debug|Any CPU
		{8DD0EC02-37DB-443F-AD77-B57181EE9E96}.Debug|x86.ActiveCfg = Debug|Any CPU
		{8DD0EC02-37DB-443F-AD77-B57181EE9E96}.Debug|x86.Build.0 = Debug|Any CPU
		{8DD0EC02-37DB-443F-AD77-B57181EE9E96}.Release|Any CPU.ActiveCfg = Release|Any CPU
		{8DD0EC02-37DB-443F-AD77-B57181EE9E96}.Release|Any CPU.Build.0 = Release|Any CPU
		{8DD0EC02-37DB-443F-AD77-B57181EE9E96}.Release|x64.ActiveCfg = Release|Any CPU
		{8DD0EC02-37DB-443F-AD77-B57181EE9E96}.Release|x64.Build.0 = Release|Any CPU
		{8DD0EC02-37DB-443F-AD77-B57181EE9E96}.Release|x86.ActiveCfg = Release|Any CPU
		{8DD0EC02-37DB-443F-AD77-B57181EE9E96}.Release|x86.Build.0 = Release|Any CPU
		{F1A2B3C4-D5E6-7890-ABCD-EF1234567891}.Debug|Any CPU.ActiveCfg = Debug|Any CPU
		{F1A2B3C4-D5E6-7890-ABCD-EF1234567891}.Debug|Any CPU.Build.0 = Debug|Any CPU
		{F1A2B3C4-D5E6-7890-ABCD-EF1234567891}.Debug|x64.ActiveCfg = Debug|Any CPU
		{F1A2B3C4-D5E6-7890-ABCD-EF1234567891}.Debug|x64.Build.0 = Debug|Any CPU
		{F1A2B3C4-D5E6-7890-ABCD-EF1234567891}.Debug|x86.ActiveCfg = Debug|Any CPU
		{F1A2B3C4-D5E6-7890-ABCD-EF1234567891}.Debug|x86.Build.0 = Debug|Any CPU
		{F1A2B3C4-D5E6-7890-ABCD-EF1234567891}.Release|Any CPU.ActiveCfg = Release|Any CPU
		{F1A2B3C4-D5E6-7890-ABCD-EF1234567891}.Release|Any CPU.Build.0 = Release|Any CPU
		{F1A2B3C4-D5E6-7890-ABCD-EF1234567891}.Release|x64.ActiveCfg = Release|Any CPU
		{F1A2B3C4-D5E6-7890-ABCD-EF1234567891}.Release|x64.Build.0 = Release|Any CPU
		{F1A2B3C4-D5E6-7890-ABCD-EF1234567891}.Release|x86.ActiveCfg = Release|Any CPU
		{F1A2B3C4-D5E6-7890-ABCD-EF1234567891}.Release|x86.Build.0 = Release|Any CPU
		{819B1F00-5047-4ED8-AC2B-4B16AA0F994C}.Debug|Any CPU.ActiveCfg = Debug|Any CPU
		{819B1F00-5047-4ED8-AC2B-4B16AA0F994C}.Debug|Any CPU.Build.0 = Debug|Any CPU
		{819B1F00-5047-4ED8-AC2B-4B16AA0F994C}.Debug|x64.ActiveCfg = Debug|Any CPU
		{819B1F00-5047-4ED8-AC2B-4B16AA0F994C}.Debug|x64.Build.0 = Debug|Any CPU
		{819B1F00-5047-4ED8-AC2B-4B16AA0F994C}.Debug|x86.ActiveCfg = Debug|Any CPU
		{819B1F00-5047-4ED8-AC2B-4B16AA0F994C}.Debug|x86.Build.0 = Debug|Any CPU
		{819B1F00-5047-4ED8-AC2B-4B16AA0F994C}.Release|Any CPU.ActiveCfg = Release|Any CPU
		{819B1F00-5047-4ED8-AC2B-4B16AA0F994C}.Release|Any CPU.Build.0 = Release|Any CPU
		{819B1F00-5047-4ED8-AC2B-4B16AA0F994C}.Release|x64.ActiveCfg = Release|Any CPU
		{819B1F00-5047-4ED8-AC2B-4B16AA0F994C}.Release|x64.Build.0 = Release|Any CPU
		{819B1F00-5047-4ED8-AC2B-4B16AA0F994C}.Release|x86.ActiveCfg = Release|Any CPU
		{819B1F00-5047-4ED8-AC2B-4B16AA0F994C}.Release|x86.Build.0 = Release|Any CPU
		{C5772B65-D4D5-28EE-EABD-979581B316CD}.Debug|Any CPU.ActiveCfg = Debug|Any CPU
		{C5772B65-D4D5-28EE-EABD-979581B316CD}.Debug|Any CPU.Build.0 = Debug|Any CPU
		{C5772B65-D4D5-28EE-EABD-979581B316CD}.Debug|x64.ActiveCfg = Debug|Any CPU
		{C5772B65-D4D5-28EE-EABD-979581B316CD}.Debug|x64.Build.0 = Debug|Any CPU
		{C5772B65-D4D5-28EE-EABD-979581B316CD}.Debug|x86.ActiveCfg = Debug|Any CPU
		{C5772B65-D4D5-28EE-EABD-979581B316CD}.Debug|x86.Build.0 = Debug|Any CPU
		{C5772B65-D4D5-28EE-EABD-979581B316CD}.Release|Any CPU.ActiveCfg = Release|Any CPU
		{C5772B65-D4D5-28EE-EABD-979581B316CD}.Release|Any CPU.Build.0 = Release|Any CPU
		{C5772B65-D4D5-28EE-EABD-979581B316CD}.Release|x64.ActiveCfg = Release|Any CPU
		{C5772B65-D4D5-28EE-EABD-979581B316CD}.Release|x64.Build.0 = Release|Any CPU
		{C5772B65-D4D5-28EE-EABD-979581B316CD}.Release|x86.ActiveCfg = Release|Any CPU
		{C5772B65-D4D5-28EE-EABD-979581B316CD}.Release|x86.Build.0 = Release|Any CPU
		{A49463D9-379C-40DA-882E-09EE523BA9D7}.Debug|Any CPU.ActiveCfg = Debug|Any CPU
		{A49463D9-379C-40DA-882E-09EE523BA9D7}.Debug|Any CPU.Build.0 = Debug|Any CPU
		{A49463D9-379C-40DA-882E-09EE523BA9D7}.Debug|x64.ActiveCfg = Debug|Any CPU
		{A49463D9-379C-40DA-882E-09EE523BA9D7}.Debug|x64.Build.0 = Debug|Any CPU
		{A49463D9-379C-40DA-882E-09EE523BA9D7}.Debug|x86.ActiveCfg = Debug|Any CPU
		{A49463D9-379C-40DA-882E-09EE523BA9D7}.Debug|x86.Build.0 = Debug|Any CPU
		{A49463D9-379C-40DA-882E-09EE523BA9D7}.Release|Any CPU.ActiveCfg = Release|Any CPU
		{A49463D9-379C-40DA-882E-09EE523BA9D7}.Release|Any CPU.Build.0 = Release|Any CPU
		{A49463D9-379C-40DA-882E-09EE523BA9D7}.Release|x64.ActiveCfg = Release|Any CPU
		{A49463D9-379C-40DA-882E-09EE523BA9D7}.Release|x64.Build.0 = Release|Any CPU
		{A49463D9-379C-40DA-882E-09EE523BA9D7}.Release|x86.ActiveCfg = Release|Any CPU
		{A49463D9-379C-40DA-882E-09EE523BA9D7}.Release|x86.Build.0 = Release|Any CPU
		{5BD221B1-FB56-7568-84A5-218483EBD3A1}.Debug|Any CPU.ActiveCfg = Debug|Any CPU
		{5BD221B1-FB56-7568-84A5-218483EBD3A1}.Debug|Any CPU.Build.0 = Debug|Any CPU
		{5BD221B1-FB56-7568-84A5-218483EBD3A1}.Debug|x64.ActiveCfg = Debug|Any CPU
		{5BD221B1-FB56-7568-84A5-218483EBD3A1}.Debug|x64.Build.0 = Debug|Any CPU
		{5BD221B1-FB56-7568-84A5-218483EBD3A1}.Debug|x86.ActiveCfg = Debug|Any CPU
		{5BD221B1-FB56-7568-84A5-218483EBD3A1}.Debug|x86.Build.0 = Debug|Any CPU
		{5BD221B1-FB56-7568-84A5-218483EBD3A1}.Release|Any CPU.ActiveCfg = Release|Any CPU
		{5BD221B1-FB56-7568-84A5-218483EBD3A1}.Release|Any CPU.Build.0 = Release|Any CPU
		{5BD221B1-FB56-7568-84A5-218483EBD3A1}.Release|x64.ActiveCfg = Release|Any CPU
		{5BD221B1-FB56-7568-84A5-218483EBD3A1}.Release|x64.Build.0 = Release|Any CPU
		{5BD221B1-FB56-7568-84A5-218483EBD3A1}.Release|x86.ActiveCfg = Release|Any CPU
		{5BD221B1-FB56-7568-84A5-218483EBD3A1}.Release|x86.Build.0 = Release|Any CPU
		{1152BB81-2F05-9EDE-3C5E-6C171A432E33}.Debug|Any CPU.ActiveCfg = Debug|Any CPU
		{1152BB81-2F05-9EDE-3C5E-6C171A432E33}.Debug|Any CPU.Build.0 = Debug|Any CPU
		{1152BB81-2F05-9EDE-3C5E-6C171A432E33}.Debug|x64.ActiveCfg = Debug|Any CPU
		{1152BB81-2F05-9EDE-3C5E-6C171A432E33}.Debug|x64.Build.0 = Debug|Any CPU
		{1152BB81-2F05-9EDE-3C5E-6C171A432E33}.Debug|x86.ActiveCfg = Debug|Any CPU
		{1152BB81-2F05-9EDE-3C5E-6C171A432E33}.Debug|x86.Build.0 = Debug|Any CPU
		{1152BB81-2F05-9EDE-3C5E-6C171A432E33}.Release|Any CPU.ActiveCfg = Release|Any CPU
		{1152BB81-2F05-9EDE-3C5E-6C171A432E33}.Release|Any CPU.Build.0 = Release|Any CPU
		{1152BB81-2F05-9EDE-3C5E-6C171A432E33}.Release|x64.ActiveCfg = Release|Any CPU
		{1152BB81-2F05-9EDE-3C5E-6C171A432E33}.Release|x64.Build.0 = Release|Any CPU
		{1152BB81-2F05-9EDE-3C5E-6C171A432E33}.Release|x86.ActiveCfg = Release|Any CPU
		{1152BB81-2F05-9EDE-3C5E-6C171A432E33}.Release|x86.Build.0 = Release|Any CPU
		{9002748B-EBD7-A6F3-EFF8-37A656E9D37B}.Debug|Any CPU.ActiveCfg = Debug|Any CPU
		{9002748B-EBD7-A6F3-EFF8-37A656E9D37B}.Debug|Any CPU.Build.0 = Debug|Any CPU
		{9002748B-EBD7-A6F3-EFF8-37A656E9D37B}.Debug|x64.ActiveCfg = Debug|Any CPU
		{9002748B-EBD7-A6F3-EFF8-37A656E9D37B}.Debug|x64.Build.0 = Debug|Any CPU
		{9002748B-EBD7-A6F3-EFF8-37A656E9D37B}.Debug|x86.ActiveCfg = Debug|Any CPU
		{9002748B-EBD7-A6F3-EFF8-37A656E9D37B}.Debug|x86.Build.0 = Debug|Any CPU
		{9002748B-EBD7-A6F3-EFF8-37A656E9D37B}.Release|Any CPU.ActiveCfg = Release|Any CPU
		{9002748B-EBD7-A6F3-EFF8-37A656E9D37B}.Release|Any CPU.Build.0 = Release|Any CPU
		{9002748B-EBD7-A6F3-EFF8-37A656E9D37B}.Release|x64.ActiveCfg = Release|Any CPU
		{9002748B-EBD7-A6F3-EFF8-37A656E9D37B}.Release|x64.Build.0 = Release|Any CPU
		{9002748B-EBD7-A6F3-EFF8-37A656E9D37B}.Release|x86.ActiveCfg = Release|Any CPU
		{9002748B-EBD7-A6F3-EFF8-37A656E9D37B}.Release|x86.Build.0 = Release|Any CPU
		{15BCD2F0-8B1F-4179-AEF4-8C9DDEC4F2EE}.Debug|Any CPU.ActiveCfg = Debug|Any CPU
		{15BCD2F0-8B1F-4179-AEF4-8C9DDEC4F2EE}.Debug|Any CPU.Build.0 = Debug|Any CPU
		{15BCD2F0-8B1F-4179-AEF4-8C9DDEC4F2EE}.Debug|x64.ActiveCfg = Debug|Any CPU
		{15BCD2F0-8B1F-4179-AEF4-8C9DDEC4F2EE}.Debug|x64.Build.0 = Debug|Any CPU
		{15BCD2F0-8B1F-4179-AEF4-8C9DDEC4F2EE}.Debug|x86.ActiveCfg = Debug|Any CPU
		{15BCD2F0-8B1F-4179-AEF4-8C9DDEC4F2EE}.Debug|x86.Build.0 = Debug|Any CPU
		{15BCD2F0-8B1F-4179-AEF4-8C9DDEC4F2EE}.Release|Any CPU.ActiveCfg = Release|Any CPU
		{15BCD2F0-8B1F-4179-AEF4-8C9DDEC4F2EE}.Release|Any CPU.Build.0 = Release|Any CPU
		{15BCD2F0-8B1F-4179-AEF4-8C9DDEC4F2EE}.Release|x64.ActiveCfg = Release|Any CPU
		{15BCD2F0-8B1F-4179-AEF4-8C9DDEC4F2EE}.Release|x64.Build.0 = Release|Any CPU
		{15BCD2F0-8B1F-4179-AEF4-8C9DDEC4F2EE}.Release|x86.ActiveCfg = Release|Any CPU
		{15BCD2F0-8B1F-4179-AEF4-8C9DDEC4F2EE}.Release|x86.Build.0 = Release|Any CPU
	EndGlobalSection
	GlobalSection(SolutionProperties) = preSolution
		HideSolutionNode = FALSE
	EndGlobalSection
	GlobalSection(NestedProjects) = preSolution
		{23599D12-4B26-4411-8317-BA26063D1145} = {02EA681E-C7D8-13C7-8484-4AC65E1B71E8}
		{6E9894BA-CD45-43F3-BD96-7EB078A7EA1C} = {02EA681E-C7D8-13C7-8484-4AC65E1B71E8}
		{6C6154CE-B7E7-4D47-9859-5A11457C599B} = {02EA681E-C7D8-13C7-8484-4AC65E1B71E8}
		{616088A4-BC37-41C3-8CAB-DACCB3CBB01C} = {02EA681E-C7D8-13C7-8484-4AC65E1B71E8}
		{9D8A83A3-82E1-4B77-AB29-B57B7FCB9F30} = {02EA681E-C7D8-13C7-8484-4AC65E1B71E8}
		{B7C378F6-BDC6-446E-88E2-4EF0A167CADD} = {02EA681E-C7D8-13C7-8484-4AC65E1B71E8}
		{060EECC6-09A2-48A2-97B8-EC594F25D7E1} = {02EA681E-C7D8-13C7-8484-4AC65E1B71E8}
		{A1B2C3D4-E5F6-7890-ABCD-EF1234567890} = {02EA681E-C7D8-13C7-8484-4AC65E1B71E8}
		{124E590A-792C-41CA-B679-0803A46ADC04} = {8BCF692A-8228-4A42-AFF1-D7AC894065B3}
		{86D2DE08-A816-47E8-A052-D5BA3B98203C} = {8BCF692A-8228-4A42-AFF1-D7AC894065B3}
		{5D281A9C-205C-428E-8BE3-7C1D18C7F784} = {8BCF692A-8228-4A42-AFF1-D7AC894065B3}
		{09C2B4AE-F0F2-44B7-B42C-0144319BCC16} = {8BCF692A-8228-4A42-AFF1-D7AC894065B3}
		{52A0DBDF-1DFD-4737-A627-3D52807C50DD} = {8BCF692A-8228-4A42-AFF1-D7AC894065B3}
		{38D6F211-BD74-4399-B71C-739D966B6A7F} = {8BCF692A-8228-4A42-AFF1-D7AC894065B3}
		{67B9411D-4E68-4ECD-9C78-C6B8B3B992A8} = {8BCF692A-8228-4A42-AFF1-D7AC894065B3}
		{29E00D6E-F547-4E4C-9DA3-C67BB8AD0C6C} = {8BCF692A-8228-4A42-AFF1-D7AC894065B3}
		{8F2A1B3C-4D5E-6F78-9A0B-1C2D3E4F5A6B} = {8BCF692A-8228-4A42-AFF1-D7AC894065B3}
		{F39A6F58-AF90-4FF5-BC7B-A10222C615C5} = {02EA681E-C7D8-13C7-8484-4AC65E1B71E8}
		{DF41B992-E14A-4CDF-AF09-EA9678087F6C} = {02EA681E-C7D8-13C7-8484-4AC65E1B71E8}
		{AB87B138-D47F-4041-A44A-DACBC05068F6} = {0DB15ACC-E85B-4A7F-BE0C-567D3CEBD579}
		{38EEA1A6-A9B9-4482-97B6-CC911065854C} = {02EA681E-C7D8-13C7-8484-4AC65E1B71E8}
		{8DD0EC02-37DB-443F-AD77-B57181EE9E96} = {0DB15ACC-E85B-4A7F-BE0C-567D3CEBD579}
		{F1A2B3C4-D5E6-7890-ABCD-EF1234567891} = {495634A5-60FC-4445-99A8-F90FA12DA2F3}
		{819B1F00-5047-4ED8-AC2B-4B16AA0F994C} = {495634A5-60FC-4445-99A8-F90FA12DA2F3}
		{C5772B65-D4D5-28EE-EABD-979581B316CD} = {495634A5-60FC-4445-99A8-F90FA12DA2F3}
		{A49463D9-379C-40DA-882E-09EE523BA9D7} = {8BCF692A-8228-4A42-AFF1-D7AC894065B3}
		{5BD221B1-FB56-7568-84A5-218483EBD3A1} = {495634A5-60FC-4445-99A8-F90FA12DA2F3}
		{1152BB81-2F05-9EDE-3C5E-6C171A432E33} = {495634A5-60FC-4445-99A8-F90FA12DA2F3}
		{9002748B-EBD7-A6F3-EFF8-37A656E9D37B} = {495634A5-60FC-4445-99A8-F90FA12DA2F3}
		{15BCD2F0-8B1F-4179-AEF4-8C9DDEC4F2EE} = {495634A5-60FC-4445-99A8-F90FA12DA2F3}
	EndGlobalSection
	GlobalSection(ExtensibilityGlobals) = postSolution
		SolutionGuid = {12345678-1234-1234-1234-123456789012}
	EndGlobalSection
EndGlobal
